<?xml version="1.0" encoding="utf-8"?>
<Project ToolsVersion="4.0" xmlns="http://schemas.microsoft.com/developer/msbuild/2003">
  <ItemGroup>
    <Filter Include="Source Files">
      <UniqueIdentifier>{4FC737F1-C7A5-4376-A066-2A32D752A2FF}</UniqueIdentifier>
      <Extensions>cpp;c;cc;cxx;def;odl;idl;hpj;bat;asm;asmx</Extensions>
    </Filter>
    <Filter Include="Header Files">
      <UniqueIdentifier>{93995380-89BD-4b04-88EB-625FBE52EBFB}</UniqueIdentifier>
      <Extensions>h;hh;hpp;hxx;hm;inl;inc;xsd</Extensions>
    </Filter>
    <Filter Include="Resource Files">
      <UniqueIdentifier>{67DA6AB6-F800-4c08-8B7A-83BB121AAD01}</UniqueIdentifier>
      <Extensions>rc;ico;cur;bmp;dlg;rc2;rct;bin;rgs;gif;jpg;jpeg;jpe;resx;tiff;tif;png;wav</Extensions>
    </Filter>
  </ItemGroup>
  <ItemGroup>
    <ClCompile Include="src\testing.cpp">
      <Filter>Source Files</Filter>
    </ClCompile>
    <ClCompile Include="src\filesystem.cpp">
      <Filter>Source Files</Filter>
    </ClCompile>
    <ClCompile Include="src\methods.cpp">
      <Filter>Source Files</Filter>
    </ClCompile>
    <ClCompile Include="src\socket.cpp">
      <Filter>Source Files</Filter>
    </ClCompile>
    <ClCompile Include="src\error.cpp">
      <Filter>Source Files</Filter>
    </ClCompile>
    <ClCompile Include="src\util.cpp">
      <Filter>Source Files</Filter>
    </ClCompile>
    <ClCompile Include="src\scriptengine.cpp">
      <Filter>Source Files</Filter>
    </ClCompile>
    <ClCompile Include="src\stack.cpp">
      <Filter>Source Files</Filter>
    </ClCompile>
    <ClCompile Include="src\date.cpp">
      <Filter>Source Files</Filter>
    </ClCompile>
    <ClCompile Include="src\number.cpp">
      <Filter>Source Files</Filter>
    </ClCompile>
    <ClCompile Include="src\boolean.cpp">
      <Filter>Source Files</Filter>
    </ClCompile>
    <ClCompile Include="src\regexp.cpp">
      <Filter>Source Files</Filter>
    </ClCompile>
    <ClCompile Include="src\value.cpp">
      <Filter>Source Files</Filter>
    </ClCompile>
    <ClCompile Include="src\serializers.cpp">
      <Filter>Source Files</Filter>
    </ClCompile>
    <ClCompile Include="src\function.cpp">
      <Filter>Source Files</Filter>
    </ClCompile>
    <ClCompile Include="src\string.cpp">
      <Filter>Source Files</Filter>
    </ClCompile>
    <ClCompile Include="src\math.cpp">
      <Filter>Source Files</Filter>
    </ClCompile>
    <ClCompile Include="src\object.cpp">
      <Filter>Source Files</Filter>
    </ClCompile>
    <ClCompile Include="src\array.cpp">
      <Filter>Source Files</Filter>
    </ClCompile>
    <ClCompile Include="src\thread.cpp">
      <Filter>Source Files</Filter>
    </ClCompile>
    <ClCompile Include="src\lexic.cpp">
      <Filter>Source Files</Filter>
    </ClCompile>
    <ClCompile Include="test\src\astox-tests.cpp">
      <Filter>Source Files</Filter>
    </ClCompile>
  </ItemGroup>
  <ItemGroup>
    <ClInclude Include="include\testing.h">
      <Filter>Header Files</Filter>
    </ClInclude>
    <ClInclude Include="include\filesystem.h">
      <Filter>Header Files</Filter>
    </ClInclude>
    <ClInclude Include="include\mingui.h">
      <Filter>Header Files</Filter>
    </ClInclude>
    <ClInclude Include="include\methods.h">
      <Filter>Header Files</Filter>
    </ClInclude>
    <ClInclude Include="include\serializers.h">
      <Filter>Header Files</Filter>
    </ClInclude>
    <ClInclude Include="include\scriptengine.h">
      <Filter>Header Files</Filter>
    </ClInclude>
    <ClInclude Include="include\astox.h">
      <Filter>Header Files</Filter>
    </ClInclude>
    <ClInclude Include="include\thread.h">
      <Filter>Header Files</Filter>
    </ClInclude>
    <ClInclude Include="include\socket.h">
      <Filter>Header Files</Filter>
    </ClInclude>
    <ClInclude Include="include\lexic.h">
      <Filter>Header Files</Filter>
    </ClInclude>
    <ClInclude Include="include\types.h">
      <Filter>Header Files</Filter>
    </ClInclude>
    <ClInclude Include="include\stack.h">
      <Filter>Header Files</Filter>
    </ClInclude>
    <ClInclude Include="include\macros.h">
      <Filter>Header Files</Filter>
    </ClInclude>
    <ClInclude Include="include\util.h">
      <Filter>Header Files</Filter>
    </ClInclude>
    <ClInclude Include="include\ext-jni.h">
      <Filter>Header Files</Filter>
    </ClInclude>
    <ClInclude Include="test\include\threadtest.h">
      <Filter>Header Files</Filter>
    </ClInclude>
    <ClInclude Include="test\include\datetest.h">
      <Filter>Header Files</Filter>
    </ClInclude>
    <ClInclude Include="test\include\syntaxjstest.h">
      <Filter>Header Files</Filter>
    </ClInclude>
    <ClInclude Include="test\include\astoxtests.h">
      <Filter>Header Files</Filter>
    </ClInclude>
    <ClInclude Include="test\include\staticvars.h">
      <Filter>Header Files</Filter>
    </ClInclude>
    <ClInclude Include="test\include\regextest.h">
      <Filter>Header Files</Filter>
    </ClInclude>
  </ItemGroup>
</Project>