<?xml version="1.0" encoding="utf-8"?>
<Project ToolsVersion="4.0" xmlns="http://schemas.microsoft.com/developer/msbuild/2003">
  <ItemGroup>
    <Filter Include="Source Files">
      <UniqueIdentifier>{4FC737F1-C7A5-4376-A066-2A32D752A2FF}</UniqueIdentifier>
      <Extensions>cpp;c;cc;cxx;def;odl;idl;hpj;bat;asm;asmx</Extensions>
    </Filter>
    <Filter Include="Header Files">
      <UniqueIdentifier>{93995380-89BD-4b04-88EB-625FBE52EBFB}</UniqueIdentifier>
      <Extensions>h;hpp;hxx;hm;inl;inc;xsd</Extensions>
    </Filter>
    <Filter Include="Resource Files">
      <UniqueIdentifier>{67DA6AB6-F800-4c08-8B7A-83BB121AAD01}</UniqueIdentifier>
      <Extensions>rc;ico;cur;bmp;dlg;rc2;rct;bin;rgs;gif;jpg;jpeg;jpe;resx;tiff;tif;png;wav;mfcribbon-ms</Extensions>
    </Filter>
  </ItemGroup>
  <ItemGroup>
    <None Include="ReadMe.txt" />
  </ItemGroup>
  <ItemGroup>
    <ClInclude Include="CPCONF_ROOT_INCLUDE\astox.h">
      <Filter>Header Files</Filter>
    </ClInclude>
    <ClInclude Include="CPCONF_ROOT_INCLUDE\filesystem.h">
      <Filter>Header Files</Filter>
    </ClInclude>
    <ClInclude Include="CPCONF_ROOT_INCLUDE\lexic.h">
      <Filter>Header Files</Filter>
    </ClInclude>
    <ClInclude Include="CPCONF_ROOT_INCLUDE\macros.h">
      <Filter>Header Files</Filter>
    </ClInclude>
    <ClInclude Include="CPCONF_ROOT_INCLUDE\methods.h">
      <Filter>Header Files</Filter>
    </ClInclude>
    <ClInclude Include="CPCONF_ROOT_INCLUDE\mingui.h">
      <Filter>Header Files</Filter>
    </ClInclude>
    <ClInclude Include="CPCONF_ROOT_INCLUDE\scriptengine.h">
      <Filter>Header Files</Filter>
    </ClInclude>
    <ClInclude Include="CPCONF_ROOT_INCLUDE\serializers.h">
      <Filter>Header Files</Filter>
    </ClInclude>
    <ClInclude Include="CPCONF_ROOT_INCLUDE\socket.h">
      <Filter>Header Files</Filter>
    </ClInclude>
    <ClInclude Include="CPCONF_ROOT_INCLUDE\stack.h">
      <Filter>Header Files</Filter>
    </ClInclude>
    <ClInclude Include="CPCONF_ROOT_INCLUDE\testing.h">
      <Filter>Header Files</Filter>
    </ClInclude>
    <ClInclude Include="CPCONF_ROOT_INCLUDE\thread.h">
      <Filter>Header Files</Filter>
    </ClInclude>
    <ClInclude Include="CPCONF_ROOT_INCLUDE\types.h">
      <Filter>Header Files</Filter>
    </ClInclude>
    <ClInclude Include="CPCONF_ROOT_INCLUDE\util.h">
      <Filter>Header Files</Filter>
    </ClInclude>
  </ItemGroup>
  <ItemGroup>
    <ClCompile Include="CPCONF_ROOT_SRC\array.cpp">
      <Filter>Source Files</Filter>
    </ClCompile>
    <ClCompile Include="CPCONF_ROOT_SRC\boolean.cpp">
      <Filter>Source Files</Filter>
    </ClCompile>
    <ClCompile Include="CPCONF_ROOT_SRC\date.cpp">
      <Filter>Source Files</Filter>
    </ClCompile>
    <ClCompile Include="CPCONF_ROOT_SRC\error.cpp">
      <Filter>Source Files</Filter>
    </ClCompile>
    <ClCompile Include="CPCONF_ROOT_SRC\filesystem.cpp">
      <Filter>Source Files</Filter>
    </ClCompile>
    <ClCompile Include="CPCONF_ROOT_SRC\function.cpp">
      <Filter>Source Files</Filter>
    </ClCompile>
    <ClCompile Include="CPCONF_ROOT_SRC\lexic.cpp">
      <Filter>Source Files</Filter>
    </ClCompile>
    <ClCompile Include="CPCONF_ROOT_SRC\math.cpp">
      <Filter>Source Files</Filter>
    </ClCompile>
    <ClCompile Include="CPCONF_ROOT_SRC\methods.cpp">
      <Filter>Source Files</Filter>
    </ClCompile>
    <ClCompile Include="CPCONF_ROOT_SRC\number.cpp">
      <Filter>Source Files</Filter>
    </ClCompile>
    <ClCompile Include="CPCONF_ROOT_SRC\object.cpp">
      <Filter>Source Files</Filter>
    </ClCompile>
    <ClCompile Include="CPCONF_ROOT_SRC\regexp.cpp">
      <Filter>Source Files</Filter>
    </ClCompile>
    <ClCompile Include="CPCONF_ROOT_SRC\scriptengine.cpp">
      <Filter>Source Files</Filter>
    </ClCompile>
    <ClCompile Include="CPCONF_ROOT_SRC\serializers.cpp">
      <Filter>Source Files</Filter>
    </ClCompile>
    <ClCompile Include="CPCONF_ROOT_SRC\socket.cpp">
      <Filter>Source Files</Filter>
    </ClCompile>
    <ClCompile Include="CPCONF_ROOT_SRC\stack.cpp">
      <Filter>Source Files</Filter>
    </ClCompile>
    <ClCompile Include="CPCONF_ROOT_SRC\string.cpp">
      <Filter>Source Files</Filter>
    </ClCompile>
    <ClCompile Include="CPCONF_ROOT_SRC\testing.cpp">
      <Filter>Source Files</Filter>
    </ClCompile>
    <ClCompile Include="CPCONF_ROOT_SRC\thread.cpp">
      <Filter>Source Files</Filter>
    </ClCompile>
    <ClCompile Include="CPCONF_ROOT_SRC\util.cpp">
      <Filter>Source Files</Filter>
    </ClCompile>
    <ClCompile Include="CPCONF_ROOT_SRC\value.cpp">
      <Filter>Source Files</Filter>
    </ClCompile>
  </ItemGroup>
</Project>